// !$*UTF8*$!
{
	archiveVersion = 1;
	classes = {
	};
	objectVersion = 48;
	objects = {

/* Begin PBXBuildFile section */
		B8041B2D202977B900CA4CFA /* CustomToolBarView.swift in Sources */ = {isa = PBXBuildFile; fileRef = B8041B2C202977B900CA4CFA /* CustomToolBarView.swift */; };
		B8DF758C202822D300D3E6BA /* AppDelegate.swift in Sources */ = {isa = PBXBuildFile; fileRef = B8DF758B202822D300D3E6BA /* AppDelegate.swift */; };
		B8DF758E202822D400D3E6BA /* ViewController.swift in Sources */ = {isa = PBXBuildFile; fileRef = B8DF758D202822D400D3E6BA /* ViewController.swift */; };
		B8DF7594202822D400D3E6BA /* YoutubeLikeApp.xcdatamodeld in Sources */ = {isa = PBXBuildFile; fileRef = B8DF7592202822D400D3E6BA /* YoutubeLikeApp.xcdatamodeld */; };
		B8DF7596202822D400D3E6BA /* Assets.xcassets in Resources */ = {isa = PBXBuildFile; fileRef = B8DF7595202822D400D3E6BA /* Assets.xcassets */; };
		B8DF7599202822D400D3E6BA /* LaunchScreen.storyboard in Resources */ = {isa = PBXBuildFile; fileRef = B8DF7597202822D400D3E6BA /* LaunchScreen.storyboard */; };
		B8DF75A4202822D400D3E6BA /* YoutubeLikeAppTests.swift in Sources */ = {isa = PBXBuildFile; fileRef = B8DF75A3202822D400D3E6BA /* YoutubeLikeAppTests.swift */; };
		B8DF75AF202822D400D3E6BA /* YoutubeLikeAppUITests.swift in Sources */ = {isa = PBXBuildFile; fileRef = B8DF75AE202822D400D3E6BA /* YoutubeLikeAppUITests.swift */; };
/* End PBXBuildFile section */

/* Begin PBXContainerItemProxy section */
		B8DF75A0202822D400D3E6BA /* PBXContainerItemProxy */ = {
			isa = PBXContainerItemProxy;
			containerPortal = B8DF7580202822D300D3E6BA /* Project object */;
			proxyType = 1;
			remoteGlobalIDString = B8DF7587202822D300D3E6BA;
			remoteInfo = YoutubeLikeApp;
		};
		B8DF75AB202822D400D3E6BA /* PBXContainerItemProxy */ = {
			isa = PBXContainerItemProxy;
			containerPortal = B8DF7580202822D300D3E6BA /* Project object */;
			proxyType = 1;
			remoteGlobalIDString = B8DF7587202822D300D3E6BA;
			remoteInfo = YoutubeLikeApp;
		};
/* End PBXContainerItemProxy section */

/* Begin PBXFileReference section */
		B8041B2C202977B900CA4CFA /* CustomToolBarView.swift */ = {isa = PBXFileReference; lastKnownFileType = sourcecode.swift; path = CustomToolBarView.swift; sourceTree = "<group>"; };
		B8DF7588202822D300D3E6BA /* YoutubeLikeApp.app */ = {isa = PBXFileReference; explicitFileType = wrapper.application; includeInIndex = 0; path = YoutubeLikeApp.app; sourceTree = BUILT_PRODUCTS_DIR; };
		B8DF758B202822D300D3E6BA /* AppDelegate.swift */ = {isa = PBXFileReference; lastKnownFileType = sourcecode.swift; path = AppDelegate.swift; sourceTree = "<group>"; };
		B8DF758D202822D400D3E6BA /* ViewController.swift */ = {isa = PBXFileReference; lastKnownFileType = sourcecode.swift; path = ViewController.swift; sourceTree = "<group>"; };
		B8DF7593202822D400D3E6BA /* YoutubeLikeApp.xcdatamodel */ = {isa = PBXFileReference; lastKnownFileType = wrapper.xcdatamodel; path = YoutubeLikeApp.xcdatamodel; sourceTree = "<group>"; };
		B8DF7595202822D400D3E6BA /* Assets.xcassets */ = {isa = PBXFileReference; lastKnownFileType = folder.assetcatalog; path = Assets.xcassets; sourceTree = "<group>"; };
		B8DF7598202822D400D3E6BA /* Base */ = {isa = PBXFileReference; lastKnownFileType = file.storyboard; name = Base; path = Base.lproj/LaunchScreen.storyboard; sourceTree = "<group>"; };
		B8DF759A202822D400D3E6BA /* Info.plist */ = {isa = PBXFileReference; lastKnownFileType = text.plist.xml; path = Info.plist; sourceTree = "<group>"; };
		B8DF759F202822D400D3E6BA /* YoutubeLikeAppTests.xctest */ = {isa = PBXFileReference; explicitFileType = wrapper.cfbundle; includeInIndex = 0; path = YoutubeLikeAppTests.xctest; sourceTree = BUILT_PRODUCTS_DIR; };
		B8DF75A3202822D400D3E6BA /* YoutubeLikeAppTests.swift */ = {isa = PBXFileReference; lastKnownFileType = sourcecode.swift; path = YoutubeLikeAppTests.swift; sourceTree = "<group>"; };
		B8DF75A5202822D400D3E6BA /* Info.plist */ = {isa = PBXFileReference; lastKnownFileType = text.plist.xml; path = Info.plist; sourceTree = "<group>"; };
		B8DF75AA202822D400D3E6BA /* YoutubeLikeAppUITests.xctest */ = {isa = PBXFileReference; explicitFileType = wrapper.cfbundle; includeInIndex = 0; path = YoutubeLikeAppUITests.xctest; sourceTree = BUILT_PRODUCTS_DIR; };
		B8DF75AE202822D400D3E6BA /* YoutubeLikeAppUITests.swift */ = {isa = PBXFileReference; lastKnownFileType = sourcecode.swift; path = YoutubeLikeAppUITests.swift; sourceTree = "<group>"; };
		B8DF75B0202822D500D3E6BA /* Info.plist */ = {isa = PBXFileReference; lastKnownFileType = text.plist.xml; path = Info.plist; sourceTree = "<group>"; };
/* End PBXFileReference section */

/* Begin PBXFrameworksBuildPhase section */
		B8DF7585202822D300D3E6BA /* Frameworks */ = {
			isa = PBXFrameworksBuildPhase;
			buildActionMask = 2147483647;
			files = (
			);
			runOnlyForDeploymentPostprocessing = 0;
		};
		B8DF759C202822D400D3E6BA /* Frameworks */ = {
			isa = PBXFrameworksBuildPhase;
			buildActionMask = 2147483647;
			files = (
			);
			runOnlyForDeploymentPostprocessing = 0;
		};
		B8DF75A7202822D400D3E6BA /* Frameworks */ = {
			isa = PBXFrameworksBuildPhase;
			buildActionMask = 2147483647;
			files = (
			);
			runOnlyForDeploymentPostprocessing = 0;
		};
/* End PBXFrameworksBuildPhase section */

/* Begin PBXGroup section */
		B8A00717202B2C96007F0106 /* ViewModels */ = {
			isa = PBXGroup;
			children = (
				B8DF758D202822D400D3E6BA /* ViewController.swift */,
			);
			path = ViewModels;
			sourceTree = "<group>";
		};
		B8A00718202B2CA3007F0106 /* HelperClasses */ = {
			isa = PBXGroup;
			children = (
				B8041B2C202977B900CA4CFA /* CustomToolBarView.swift */,
			);
			path = HelperClasses;
			sourceTree = "<group>";
		};
		B8A00719202B2CBE007F0106 /* SupportingFiles */ = {
			isa = PBXGroup;
			children = (
				B8DF7592202822D400D3E6BA /* YoutubeLikeApp.xcdatamodeld */,
				B8DF7595202822D400D3E6BA /* Assets.xcassets */,
			);
			path = SupportingFiles;
			sourceTree = "<group>";
		};
		B8DF757F202822D300D3E6BA = {
			isa = PBXGroup;
			children = (
				B8DF758A202822D300D3E6BA /* YoutubeLikeApp */,
				B8DF75A2202822D400D3E6BA /* YoutubeLikeAppTests */,
				B8DF75AD202822D400D3E6BA /* YoutubeLikeAppUITests */,
				B8DF7589202822D300D3E6BA /* Products */,
			);
			sourceTree = "<group>";
		};
		B8DF7589202822D300D3E6BA /* Products */ = {
			isa = PBXGroup;
			children = (
				B8DF7588202822D300D3E6BA /* YoutubeLikeApp.app */,
				B8DF759F202822D400D3E6BA /* YoutubeLikeAppTests.xctest */,
				B8DF75AA202822D400D3E6BA /* YoutubeLikeAppUITests.xctest */,
			);
			name = Products;
			sourceTree = "<group>";
		};
		B8DF758A202822D300D3E6BA /* YoutubeLikeApp */ = {
			isa = PBXGroup;
			children = (
				B8A00717202B2C96007F0106 /* ViewModels */,
				B8A00718202B2CA3007F0106 /* HelperClasses */,
				B8A00719202B2CBE007F0106 /* SupportingFiles */,
				B8DF758B202822D300D3E6BA /* AppDelegate.swift */,
				B8DF7597202822D400D3E6BA /* LaunchScreen.storyboard */,
				B8DF759A202822D400D3E6BA /* Info.plist */,
			);
			path = YoutubeLikeApp;
			sourceTree = "<group>";
		};
		B8DF75A2202822D400D3E6BA /* YoutubeLikeAppTests */ = {
			isa = PBXGroup;
			children = (
				B8DF75A3202822D400D3E6BA /* YoutubeLikeAppTests.swift */,
				B8DF75A5202822D400D3E6BA /* Info.plist */,
			);
			path = YoutubeLikeAppTests;
			sourceTree = "<group>";
		};
		B8DF75AD202822D400D3E6BA /* YoutubeLikeAppUITests */ = {
			isa = PBXGroup;
			children = (
				B8DF75AE202822D400D3E6BA /* YoutubeLikeAppUITests.swift */,
				B8DF75B0202822D500D3E6BA /* Info.plist */,
			);
			path = YoutubeLikeAppUITests;
			sourceTree = "<group>";
		};
/* End PBXGroup section */

/* Begin PBXNativeTarget section */
		B8DF7587202822D300D3E6BA /* YoutubeLikeApp */ = {
			isa = PBXNativeTarget;
			buildConfigurationList = B8DF75B3202822D500D3E6BA /* Build configuration list for PBXNativeTarget "YoutubeLikeApp" */;
			buildPhases = (
				B8DF7584202822D300D3E6BA /* Sources */,
				B8DF7585202822D300D3E6BA /* Frameworks */,
				B8DF7586202822D300D3E6BA /* Resources */,
			);
			buildRules = (
			);
			dependencies = (
			);
			name = YoutubeLikeApp;
			productName = YoutubeLikeApp;
			productReference = B8DF7588202822D300D3E6BA /* YoutubeLikeApp.app */;
			productType = "com.apple.product-type.application";
		};
		B8DF759E202822D400D3E6BA /* YoutubeLikeAppTests */ = {
			isa = PBXNativeTarget;
			buildConfigurationList = B8DF75B6202822D500D3E6BA /* Build configuration list for PBXNativeTarget "YoutubeLikeAppTests" */;
			buildPhases = (
				B8DF759B202822D400D3E6BA /* Sources */,
				B8DF759C202822D400D3E6BA /* Frameworks */,
				B8DF759D202822D400D3E6BA /* Resources */,
			);
			buildRules = (
			);
			dependencies = (
				B8DF75A1202822D400D3E6BA /* PBXTargetDependency */,
			);
			name = YoutubeLikeAppTests;
			productName = YoutubeLikeAppTests;
			productReference = B8DF759F202822D400D3E6BA /* YoutubeLikeAppTests.xctest */;
			productType = "com.apple.product-type.bundle.unit-test";
		};
		B8DF75A9202822D400D3E6BA /* YoutubeLikeAppUITests */ = {
			isa = PBXNativeTarget;
			buildConfigurationList = B8DF75B9202822D500D3E6BA /* Build configuration list for PBXNativeTarget "YoutubeLikeAppUITests" */;
			buildPhases = (
				B8DF75A6202822D400D3E6BA /* Sources */,
				B8DF75A7202822D400D3E6BA /* Frameworks */,
				B8DF75A8202822D400D3E6BA /* Resources */,
			);
			buildRules = (
			);
			dependencies = (
				B8DF75AC202822D400D3E6BA /* PBXTargetDependency */,
			);
			name = YoutubeLikeAppUITests;
			productName = YoutubeLikeAppUITests;
			productReference = B8DF75AA202822D400D3E6BA /* YoutubeLikeAppUITests.xctest */;
			productType = "com.apple.product-type.bundle.ui-testing";
		};
/* End PBXNativeTarget section */

/* Begin PBXProject section */
		B8DF7580202822D300D3E6BA /* Project object */ = {
			isa = PBXProject;
			attributes = {
				LastSwiftUpdateCheck = 0900;
				LastUpgradeCheck = 0900;
				ORGANIZATIONNAME = "Jayanta Gogoi";
				TargetAttributes = {
					B8DF7587202822D300D3E6BA = {
						CreatedOnToolsVersion = 9.0.1;
						ProvisioningStyle = Automatic;
					};
					B8DF759E202822D400D3E6BA = {
						CreatedOnToolsVersion = 9.0.1;
						ProvisioningStyle = Automatic;
						TestTargetID = B8DF7587202822D300D3E6BA;
					};
					B8DF75A9202822D400D3E6BA = {
						CreatedOnToolsVersion = 9.0.1;
						ProvisioningStyle = Automatic;
						TestTargetID = B8DF7587202822D300D3E6BA;
					};
				};
			};
			buildConfigurationList = B8DF7583202822D300D3E6BA /* Build configuration list for PBXProject "YoutubeLikeApp" */;
			compatibilityVersion = "Xcode 8.0";
			developmentRegion = en;
			hasScannedForEncodings = 0;
			knownRegions = (
				en,
				Base,
			);
			mainGroup = B8DF757F202822D300D3E6BA;
			productRefGroup = B8DF7589202822D300D3E6BA /* Products */;
			projectDirPath = "";
			projectRoot = "";
			targets = (
				B8DF7587202822D300D3E6BA /* YoutubeLikeApp */,
				B8DF759E202822D400D3E6BA /* YoutubeLikeAppTests */,
				B8DF75A9202822D400D3E6BA /* YoutubeLikeAppUITests */,
			);
		};
/* End PBXProject section */

/* Begin PBXResourcesBuildPhase section */
		B8DF7586202822D300D3E6BA /* Resources */ = {
			isa = PBXResourcesBuildPhase;
			buildActionMask = 2147483647;
			files = (
				B8DF7599202822D400D3E6BA /* LaunchScreen.storyboard in Resources */,
				B8DF7596202822D400D3E6BA /* Assets.xcassets in Resources */,
			);
			runOnlyForDeploymentPostprocessing = 0;
		};
		B8DF759D202822D400D3E6BA /* Resources */ = {
			isa = PBXResourcesBuildPhase;
			buildActionMask = 2147483647;
			files = (
			);
			runOnlyForDeploymentPostprocessing = 0;
		};
		B8DF75A8202822D400D3E6BA /* Resources */ = {
			isa = PBXResourcesBuildPhase;
			buildActionMask = 2147483647;
			files = (
			);
			runOnlyForDeploymentPostprocessing = 0;
		};
/* End PBXResourcesBuildPhase section */

/* Begin PBXSourcesBuildPhase section */
		B8DF7584202822D300D3E6BA /* Sources */ = {
			isa = PBXSourcesBuildPhase;
			buildActionMask = 2147483647;
			files = (
				B8DF7594202822D400D3E6BA /* YoutubeLikeApp.xcdatamodeld in Sources */,
				B8DF758E202822D400D3E6BA /* ViewController.swift in Sources */,
				B8DF758C202822D300D3E6BA /* AppDelegate.swift in Sources */,
				B8041B2D202977B900CA4CFA /* CustomToolBarView.swift in Sources */,
			);
			runOnlyForDeploymentPostprocessing = 0;
		};
		B8DF759B202822D400D3E6BA /* Sources */ = {
			isa = PBXSourcesBuildPhase;
			buildActionMask = 2147483647;
			files = (
				B8DF75A4202822D400D3E6BA /* YoutubeLikeAppTests.swift in Sources */,
			);
			runOnlyForDeploymentPostprocessing = 0;
		};
		B8DF75A6202822D400D3E6BA /* Sources */ = {
			isa = PBXSourcesBuildPhase;
			buildActionMask = 2147483647;
			files = (
				B8DF75AF202822D400D3E6BA /* YoutubeLikeAppUITests.swift in Sources */,
			);
			runOnlyForDeploymentPostprocessing = 0;
		};
/* End PBXSourcesBuildPhase section */

/* Begin PBXTargetDependency section */
		B8DF75A1202822D400D3E6BA /* PBXTargetDependency */ = {
			isa = PBXTargetDependency;
			target = B8DF7587202822D300D3E6BA /* YoutubeLikeApp */;
			targetProxy = B8DF75A0202822D400D3E6BA /* PBXContainerItemProxy */;
		};
		B8DF75AC202822D400D3E6BA /* PBXTargetDependency */ = {
			isa = PBXTargetDependency;
			target = B8DF7587202822D300D3E6BA /* YoutubeLikeApp */;
			targetProxy = B8DF75AB202822D400D3E6BA /* PBXContainerItemProxy */;
		};
/* End PBXTargetDependency section */

/* Begin PBXVariantGroup section */
		B8DF7597202822D400D3E6BA /* LaunchScreen.storyboard */ = {
			isa = PBXVariantGroup;
			children = (
				B8DF7598202822D400D3E6BA /* Base */,
			);
			name = LaunchScreen.storyboard;
			sourceTree = "<group>";
		};
/* End PBXVariantGroup section */

/* Begin XCBuildConfiguration section */
		B8DF75B1202822D500D3E6BA /* Debug */ = {
			isa = XCBuildConfiguration;
			buildSettings = {
				ALWAYS_SEARCH_USER_PATHS = NO;
				CLANG_ANALYZER_NONNULL = YES;
				CLANG_ANALYZER_NUMBER_OBJECT_CONVERSION = YES_AGGRESSIVE;
				CLANG_CXX_LANGUAGE_STANDARD = "gnu++14";
				CLANG_CXX_LIBRARY = "libc++";
				CLANG_ENABLE_MODULES = YES;
				CLANG_ENABLE_OBJC_ARC = YES;
				CLANG_WARN_BLOCK_CAPTURE_AUTORELEASING = YES;
				CLANG_WARN_BOOL_CONVERSION = YES;
				CLANG_WARN_COMMA = YES;
				CLANG_WARN_CONSTANT_CONVERSION = YES;
				CLANG_WARN_DIRECT_OBJC_ISA_USAGE = YES_ERROR;
				CLANG_WARN_DOCUMENTATION_COMMENTS = YES;
				CLANG_WARN_EMPTY_BODY = YES;
				CLANG_WARN_ENUM_CONVERSION = YES;
				CLANG_WARN_INFINITE_RECURSION = YES;
				CLANG_WARN_INT_CONVERSION = YES;
				CLANG_WARN_NON_LITERAL_NULL_CONVERSION = YES;
				CLANG_WARN_OBJC_LITERAL_CONVERSION = YES;
				CLANG_WARN_OBJC_ROOT_CLASS = YES_ERROR;
				CLANG_WARN_RANGE_LOOP_ANALYSIS = YES;
				CLANG_WARN_STRICT_PROTOTYPES = YES;
				CLANG_WARN_SUSPICIOUS_MOVE = YES;
				CLANG_WARN_UNGUARDED_AVAILABILITY = YES_AGGRESSIVE;
				CLANG_WARN_UNREACHABLE_CODE = YES;
				CLANG_WARN__DUPLICATE_METHOD_MATCH = YES;
				CODE_SIGN_IDENTITY = "iPhone Developer";
				COPY_PHASE_STRIP = NO;
				DEBUG_INFORMATION_FORMAT = dwarf;
				ENABLE_STRICT_OBJC_MSGSEND = YES;
				ENABLE_TESTABILITY = YES;
				GCC_C_LANGUAGE_STANDARD = gnu11;
				GCC_DYNAMIC_NO_PIC = NO;
				GCC_NO_COMMON_BLOCKS = YES;
				GCC_OPTIMIZATION_LEVEL = 0;
				GCC_PREPROCESSOR_DEFINITIONS = (
					"DEBUG=1",
					"$(inherited)",
				);
				GCC_WARN_64_TO_32_BIT_CONVERSION = YES;
				GCC_WARN_ABOUT_RETURN_TYPE = YES_ERROR;
				GCC_WARN_UNDECLARED_SELECTOR = YES;
				GCC_WARN_UNINITIALIZED_AUTOS = YES_AGGRESSIVE;
				GCC_WARN_UNUSED_FUNCTION = YES;
				GCC_WARN_UNUSED_VARIABLE = YES;
				IPHONEOS_DEPLOYMENT_TARGET = 11.0;
				MTL_ENABLE_DEBUG_INFO = YES;
				ONLY_ACTIVE_ARCH = YES;
				SDKROOT = iphoneos;
				SWIFT_ACTIVE_COMPILATION_CONDITIONS = DEBUG;
				SWIFT_OPTIMIZATION_LEVEL = "-Onone";
			};
			name = Debug;
		};
		B8DF75B2202822D500D3E6BA /* Release */ = {
			isa = XCBuildConfiguration;
			buildSettings = {
				ALWAYS_SEARCH_USER_PATHS = NO;
				CLANG_ANALYZER_NONNULL = YES;
				CLANG_ANALYZER_NUMBER_OBJECT_CONVERSION = YES_AGGRESSIVE;
				CLANG_CXX_LANGUAGE_STANDARD = "gnu++14";
				CLANG_CXX_LIBRARY = "libc++";
				CLANG_ENABLE_MODULES = YES;
				CLANG_ENABLE_OBJC_ARC = YES;
				CLANG_WARN_BLOCK_CAPTURE_AUTORELEASING = YES;
				CLANG_WARN_BOOL_CONVERSION = YES;
				CLANG_WARN_COMMA = YES;
				CLANG_WARN_CONSTANT_CONVERSION = YES;
				CLANG_WARN_DIRECT_OBJC_ISA_USAGE = YES_ERROR;
				CLANG_WARN_DOCUMENTATION_COMMENTS = YES;
				CLANG_WARN_EMPTY_BODY = YES;
				CLANG_WARN_ENUM_CONVERSION = YES;
				CLANG_WARN_INFINITE_RECURSION = YES;
				CLANG_WARN_INT_CONVERSION = YES;
				CLANG_WARN_NON_LITERAL_NULL_CONVERSION = YES;
				CLANG_WARN_OBJC_LITERAL_CONVERSION = YES;
				CLANG_WARN_OBJC_ROOT_CLASS = YES_ERROR;
				CLANG_WARN_RANGE_LOOP_ANALYSIS = YES;
				CLANG_WARN_STRICT_PROTOTYPES = YES;
				CLANG_WARN_SUSPICIOUS_MOVE = YES;
				CLANG_WARN_UNGUARDED_AVAILABILITY = YES_AGGRESSIVE;
				CLANG_WARN_UNREACHABLE_CODE = YES;
				CLANG_WARN__DUPLICATE_METHOD_MATCH = YES;
				CODE_SIGN_IDENTITY = "iPhone Developer";
				COPY_PHASE_STRIP = NO;
				DEBUG_INFORMATION_FORMAT = "dwarf-with-dsym";
				ENABLE_NS_ASSERTIONS = NO;
				ENABLE_STRICT_OBJC_MSGSEND = YES;
				GCC_C_LANGUAGE_STANDARD = gnu11;
				GCC_NO_COMMON_BLOCKS = YES;
				GCC_WARN_64_TO_32_BIT_CONVERSION = YES;
				GCC_WARN_ABOUT_RETURN_TYPE = YES_ERROR;
				GCC_WARN_UNDECLARED_SELECTOR = YES;
				GCC_WARN_UNINITIALIZED_AUTOS = YES_AGGRESSIVE;
				GCC_WARN_UNUSED_FUNCTION = YES;
				GCC_WARN_UNUSED_VARIABLE = YES;
				IPHONEOS_DEPLOYMENT_TARGET = 11.0;
				MTL_ENABLE_DEBUG_INFO = NO;
				SDKROOT = iphoneos;
				SWIFT_OPTIMIZATION_LEVEL = "-Owholemodule";
				VALIDATE_PRODUCT = YES;
			};
			name = Release;
		};
		B8DF75B4202822D500D3E6BA /* Debug */ = {
			isa = XCBuildConfiguration;
			buildSettings = {
				ASSETCATALOG_COMPILER_APPICON_NAME = AppIcon;
				CODE_SIGN_STYLE = Automatic;
				INFOPLIST_FILE = YoutubeLikeApp/Info.plist;
				LD_RUNPATH_SEARCH_PATHS = "$(inherited) @executable_path/Frameworks";
				PRODUCT_BUNDLE_IDENTIFIER = com.jayantagogoi.YoutubeLikeApp;
				PRODUCT_NAME = "$(TARGET_NAME)";
				SWIFT_VERSION = 4.0;
				TARGETED_DEVICE_FAMILY = "1,2";
			};
			name = Debug;
		};
		B8DF75B5202822D500D3E6BA /* Release */ = {
			isa = XCBuildConfiguration;
			buildSettings = {
				ASSETCATALOG_COMPILER_APPICON_NAME = AppIcon;
				CODE_SIGN_STYLE = Automatic;
				INFOPLIST_FILE = YoutubeLikeApp/Info.plist;
				LD_RUNPATH_SEARCH_PATHS = "$(inherited) @executable_path/Frameworks";
				PRODUCT_BUNDLE_IDENTIFIER = com.jayantagogoi.YoutubeLikeApp;
				PRODUCT_NAME = "$(TARGET_NAME)";
				SWIFT_VERSION = 4.0;
				TARGETED_DEVICE_FAMILY = "1,2";
			};
			name = Release;
		};
		B8DF75B7202822D500D3E6BA /* Debug */ = {
			isa = XCBuildConfiguration;
			buildSettings = {
				ALWAYS_EMBED_SWIFT_STANDARD_LIBRARIES = YES;
				BUNDLE_LOADER = "$(TEST_HOST)";
				CODE_SIGN_STYLE = Automatic;
				INFOPLIST_FILE = YoutubeLikeAppTests/Info.plist;
				LD_RUNPATH_SEARCH_PATHS = "$(inherited) @executable_path/Frameworks @loader_path/Frameworks";
				PRODUCT_BUNDLE_IDENTIFIER = com.jayantagogoi.YoutubeLikeAppTests;
				PRODUCT_NAME = "$(TARGET_NAME)";
				SWIFT_VERSION = 4.0;
				TARGETED_DEVICE_FAMILY = "1,2";
				TEST_HOST = "$(BUILT_PRODUCTS_DIR)/YoutubeLikeApp.app/YoutubeLikeApp";
			};
			name = Debug;
		};
		B8DF75B8202822D500D3E6BA /* Release */ = {
			isa = XCBuildConfiguration;
			buildSettings = {
				ALWAYS_EMBED_SWIFT_STANDARD_LIBRARIES = YES;
				BUNDLE_LOADER = "$(TEST_HOST)";
				CODE_SIGN_STYLE = Automatic;
				INFOPLIST_FILE = YoutubeLikeAppTests/Info.plist;
				LD_RUNPATH_SEARCH_PATHS = "$(inherited) @executable_path/Frameworks @loader_path/Frameworks";
				PRODUCT_BUNDLE_IDENTIFIER = com.jayantagogoi.YoutubeLikeAppTests;
				PRODUCT_NAME = "$(TARGET_NAME)";
				SWIFT_VERSION = 4.0;
				TARGETED_DEVICE_FAMILY = "1,2";
				TEST_HOST = "$(BUILT_PRODUCTS_DIR)/YoutubeLikeApp.app/YoutubeLikeApp";
			};
			name = Release;
		};
		B8DF75BA202822D500D3E6BA /* Debug */ = {
			isa = XCBuildConfiguration;
			buildSettings = {
				ALWAYS_EMBED_SWIFT_STANDARD_LIBRARIES = YES;
				CODE_SIGN_STYLE = Automatic;
				INFOPLIST_FILE = YoutubeLikeAppUITests/Info.plist;
				LD_RUNPATH_SEARCH_PATHS = "$(inherited) @executable_path/Frameworks @loader_path/Frameworks";
				PRODUCT_BUNDLE_IDENTIFIER = com.jayantagogoi.YoutubeLikeAppUITests;
				PRODUCT_NAME = "$(TARGET_NAME)";
				SWIFT_VERSION = 4.0;
				TARGETED_DEVICE_FAMILY = "1,2";
				TEST_TARGET_NAME = YoutubeLikeApp;
			};
			name = Debug;
		};
		B8DF75BB202822D500D3E6BA /* Release */ = {
			isa = XCBuildConfiguration;
			buildSettings = {
				ALWAYS_EMBED_SWIFT_STANDARD_LIBRARIES = YES;
				CODE_SIGN_STYLE = Automatic;
				INFOPLIST_FILE = YoutubeLikeAppUITests/Info.plist;
				LD_RUNPATH_SEARCH_PATHS = "$(inherited) @executable_path/Frameworks @loader_path/Frameworks";
				PRODUCT_BUNDLE_IDENTIFIER = com.jayantagogoi.YoutubeLikeAppUITests;
				PRODUCT_NAME = "$(TARGET_NAME)";
				SWIFT_VERSION = 4.0;
				TARGETED_DEVICE_FAMILY = "1,2";
				TEST_TARGET_NAME = YoutubeLikeApp;
			};
			name = Release;
		};
/* End XCBuildConfiguration section */

/* Begin XCConfigurationList section */
		B8DF7583202822D300D3E6BA /* Build configuration list for PBXProject "YoutubeLikeApp" */ = {
			isa = XCConfigurationList;
			buildConfigurations = (
				B8DF75B1202822D500D3E6BA /* Debug */,
				B8DF75B2202822D500D3E6BA /* Release */,
			);
			defaultConfigurationIsVisible = 0;
			defaultConfigurationName = Release;
		};
		B8DF75B3202822D500D3E6BA /* Build configuration list for PBXNativeTarget "YoutubeLikeApp" */ = {
			isa = XCConfigurationList;
			buildConfigurations = (
				B8DF75B4202822D500D3E6BA /* Debug */,
				B8DF75B5202822D500D3E6BA /* Release */,
			);
			defaultConfigurationIsVisible = 0;
			defaultConfigurationName = Release;
		};
		B8DF75B6202822D500D3E6BA /* Build configuration list for PBXNativeTarget "YoutubeLikeAppTests" */ = {
			isa = XCConfigurationList;
			buildConfigurations = (
				B8DF75B7202822D500D3E6BA /* Debug */,
				B8DF75B8202822D500D3E6BA /* Release */,
			);
			defaultConfigurationIsVisible = 0;
			defaultConfigurationName = Release;
		};
		B8DF75B9202822D500D3E6BA /* Build configuration list for PBXNativeTarget "YoutubeLikeAppUITests" */ = {
			isa = XCConfigurationList;
			buildConfigurations = (
				B8DF75BA202822D500D3E6BA /* Debug */,
				B8DF75BB202822D500D3E6BA /* Release */,
			);
			defaultConfigurationIsVisible = 0;
			defaultConfigurationName = Release;
		};
/* End XCConfigurationList section */

/* Begin XCVersionGroup section */
		B8DF7592202822D400D3E6BA /* YoutubeLikeApp.xcdatamodeld */ = {
			isa = XCVersionGroup;
			children = (
				B8DF7593202822D400D3E6BA /* YoutubeLikeApp.xcdatamodel */,
			);
			currentVersion = B8DF7593202822D400D3E6BA /* YoutubeLikeApp.xcdatamodel */;
			path = YoutubeLikeApp.xcdatamodeld;
			sourceTree = "<group>";
			versionGroupType = wrapper.xcdatamodel;
		};
/* End XCVersionGroup section */
	};
	rootObject = B8DF7580202822D300D3E6BA /* Project object */;
}
